<?xml version="1.0" encoding="utf-8"?>
<Project ToolsVersion="4.0" xmlns="http://schemas.microsoft.com/developer/msbuild/2003">
  <ItemGroup>
    <Filter Include="Source Files">
      <UniqueIdentifier>{4FC737F1-C7A5-4376-A066-2A32D752A2FF}</UniqueIdentifier>
      <Extensions>cpp;c;cc;cxx;def;odl;idl;hpj;bat;asm;asmx</Extensions>
    </Filter>
    <Filter Include="Header Files">
      <UniqueIdentifier>{93995380-89BD-4b04-88EB-625FBE52EBFB}</UniqueIdentifier>
      <Extensions>h;hh;hpp;hxx;hm;inl;inc;xsd</Extensions>
    </Filter>
    <Filter Include="Resource Files">
      <UniqueIdentifier>{67DA6AB6-F800-4c08-8B7A-83BB121AAD01}</UniqueIdentifier>
      <Extensions>rc;ico;cur;bmp;dlg;rc2;rct;bin;rgs;gif;jpg;jpeg;jpe;resx;tiff;tif;png;wav;mfcribbon-ms</Extensions>
    </Filter>
    <Filter Include="Models">
      <UniqueIdentifier>{a41f1b0b-b42a-44cf-88ee-573e64179a03}</UniqueIdentifier>
    </Filter>
  </ItemGroup>
  <ItemGroup>
    <ClInclude Include="FaceLBF68ptsAligner\affine.h">
      <Filter>Header Files</Filter>
    </ClInclude>
    <ClInclude Include="FaceLBF68ptsAligner\Classifier.h">
      <Filter>Header Files</Filter>
    </ClInclude>
    <ClInclude Include="FaceLBF68ptsAligner\ehm.h">
      <Filter>Header Files</Filter>
    </ClInclude>
    <ClInclude Include="FaceLBF68ptsAligner\ehm_typeChecks.h">
      <Filter>Header Files</Filter>
    </ClInclude>
    <ClInclude Include="FaceLBF68ptsAligner\FaceLbfAlignmentor.h">
      <Filter>Header Files</Filter>
    </ClInclude>
    <ClInclude Include="FaceLBF68ptsAligner\iodefs.h">
      <Filter>Header Files</Filter>
    </ClInclude>
    <ClInclude Include="FaceLBF68ptsAligner\ModelFileHeader.h">
      <Filter>Header Files</Filter>
    </ClInclude>
    <ClInclude Include="FaceLBF68ptsAligner\RegressorT.h">
      <Filter>Header Files</Filter>
    </ClInclude>
    <ClInclude Include="FaceLBF68ptsAligner\RFShapeRegressor.h">
      <Filter>Header Files</Filter>
    </ClInclude>
    <ClInclude Include="FaceLBF68ptsAligner\StageT.h">
      <Filter>Header Files</Filter>
    </ClInclude>
    <ClInclude Include="FaceLBF68ptsAligner\Tree.h">
      <Filter>Header Files</Filter>
    </ClInclude>
    <ClInclude Include="FaceLBF68ptsAligner\TreeNode.h">
      <Filter>Header Files</Filter>
    </ClInclude>
    <ClInclude Include="FaceLBF68ptsAligner\utils.h">
      <Filter>Header Files</Filter>
    </ClInclude>
  </ItemGroup>
  <ItemGroup>
    <ClCompile Include="FaceLBF68ptsAligner\Classifier.cpp">
      <Filter>Source Files</Filter>
    </ClCompile>
    <ClCompile Include="FaceLBF68ptsAligner\FaceLbfAlignmentor.cpp">
      <Filter>Source Files</Filter>
    </ClCompile>
    <ClCompile Include="FaceLBF68ptsAligner\RegressorT.cpp">
      <Filter>Source Files</Filter>
    </ClCompile>
    <ClCompile Include="FaceLBF68ptsAligner\RFShapeRegressor.cpp">
      <Filter>Source Files</Filter>
    </ClCompile>
    <ClCompile Include="FaceLBF68ptsAligner\StageT.cpp">
      <Filter>Source Files</Filter>
    </ClCompile>
    <ClCompile Include="FaceLBF68ptsAligner\Tree.cpp">
      <Filter>Source Files</Filter>
    </ClCompile>
    <ClCompile Include="FaceLBF68ptsAligner\TreeNode.cpp">
      <Filter>Source Files</Filter>
    </ClCompile>
    <ClCompile Include="Main.cpp" />
  </ItemGroup>
  <ItemGroup>
    <None Include="Models\alignment_lbf_68pts.mdl">
      <Filter>Models</Filter>
    </None>
  </ItemGroup>
</Project>